// !$*UTF8*$!
{
	archiveVersion = 1;
	classes = {
	};
	objectVersion = 46;
	objects = {

/* Begin PBXBuildFile section */
		1A38FC4D1DAEE70B00DE508A /* AppDelegate.swift in Sources */ = {isa = PBXBuildFile; fileRef = 1A38FC4C1DAEE70B00DE508A /* AppDelegate.swift */; };
		1A38FC521DAEE70B00DE508A /* Main.storyboard in Resources */ = {isa = PBXBuildFile; fileRef = 1A38FC501DAEE70B00DE508A /* Main.storyboard */; };
		1A38FC541DAEE70B00DE508A /* Assets.xcassets in Resources */ = {isa = PBXBuildFile; fileRef = 1A38FC531DAEE70B00DE508A /* Assets.xcassets */; };
		1A38FC571DAEE70B00DE508A /* LaunchScreen.storyboard in Resources */ = {isa = PBXBuildFile; fileRef = 1A38FC551DAEE70B00DE508A /* LaunchScreen.storyboard */; };
		1AA8819F1DAEE8E10072BE0D /* MoviesViewController.swift in Sources */ = {isa = PBXBuildFile; fileRef = 1AA8819E1DAEE8E10072BE0D /* MoviesViewController.swift */; };
		1AA881A21DAEFB1C0072BE0D /* MovieCell.swift in Sources */ = {isa = PBXBuildFile; fileRef = 1AA881A11DAEFB1C0072BE0D /* MovieCell.swift */; };
		1AAE140D1DB15C240015AA33 /* DetailViewController.swift in Sources */ = {isa = PBXBuildFile; fileRef = 1AAE140C1DB15C240015AA33 /* DetailViewController.swift */; };
		8CEDCE1D503B4A5FA047E99C /* Pods_Flicks.framework in Frameworks */ = {isa = PBXBuildFile; fileRef = 52C5B450A1F3F5C6FA800D69 /* Pods_Flicks.framework */; };
/* End PBXBuildFile section */

/* Begin PBXFileReference section */
		1A38FC491DAEE70B00DE508A /* Flicks.app */ = {isa = PBXFileReference; explicitFileType = wrapper.application; includeInIndex = 0; path = Flicks.app; sourceTree = BUILT_PRODUCTS_DIR; };
		1A38FC4C1DAEE70B00DE508A /* AppDelegate.swift */ = {isa = PBXFileReference; lastKnownFileType = sourcecode.swift; path = AppDelegate.swift; sourceTree = "<group>"; };
		1A38FC511DAEE70B00DE508A /* Base */ = {isa = PBXFileReference; lastKnownFileType = file.storyboard; name = Base; path = Base.lproj/Main.storyboard; sourceTree = "<group>"; };
		1A38FC531DAEE70B00DE508A /* Assets.xcassets */ = {isa = PBXFileReference; lastKnownFileType = folder.assetcatalog; path = Assets.xcassets; sourceTree = "<group>"; };
		1A38FC561DAEE70B00DE508A /* Base */ = {isa = PBXFileReference; lastKnownFileType = file.storyboard; name = Base; path = Base.lproj/LaunchScreen.storyboard; sourceTree = "<group>"; };
		1A38FC581DAEE70B00DE508A /* Info.plist */ = {isa = PBXFileReference; lastKnownFileType = text.plist.xml; path = Info.plist; sourceTree = "<group>"; };
		1AA8819E1DAEE8E10072BE0D /* MoviesViewController.swift */ = {isa = PBXFileReference; fileEncoding = 4; lastKnownFileType = sourcecode.swift; path = MoviesViewController.swift; sourceTree = "<group>"; };
		1AA881A11DAEFB1C0072BE0D /* MovieCell.swift */ = {isa = PBXFileReference; fileEncoding = 4; lastKnownFileType = sourcecode.swift; path = MovieCell.swift; sourceTree = "<group>"; };
		1AAE140C1DB15C240015AA33 /* DetailViewController.swift */ = {isa = PBXFileReference; fileEncoding = 4; lastKnownFileType = sourcecode.swift; path = DetailViewController.swift; sourceTree = "<group>"; };
		52C5B450A1F3F5C6FA800D69 /* Pods_Flicks.framework */ = {isa = PBXFileReference; explicitFileType = wrapper.framework; includeInIndex = 0; path = Pods_Flicks.framework; sourceTree = BUILT_PRODUCTS_DIR; };
		8A7246E8F364CDA1772A2408 /* Pods-Flicks.release.xcconfig */ = {isa = PBXFileReference; includeInIndex = 1; lastKnownFileType = text.xcconfig; name = "Pods-Flicks.release.xcconfig"; path = "Pods/Target Support Files/Pods-Flicks/Pods-Flicks.release.xcconfig"; sourceTree = "<group>"; };
		D36BD60484887B3614E9A344 /* Pods-Flicks.debug.xcconfig */ = {isa = PBXFileReference; includeInIndex = 1; lastKnownFileType = text.xcconfig; name = "Pods-Flicks.debug.xcconfig"; path = "Pods/Target Support Files/Pods-Flicks/Pods-Flicks.debug.xcconfig"; sourceTree = "<group>"; };
/* End PBXFileReference section */

/* Begin PBXFrameworksBuildPhase section */
		1A38FC461DAEE70B00DE508A /* Frameworks */ = {
			isa = PBXFrameworksBuildPhase;
			buildActionMask = 2147483647;
			files = (
				8CEDCE1D503B4A5FA047E99C /* Pods_Flicks.framework in Frameworks */,
			);
			runOnlyForDeploymentPostprocessing = 0;
		};
/* End PBXFrameworksBuildPhase section */

/* Begin PBXGroup section */
		00BC307105EA9B69B82A6D3A /* Pods */ = {
			isa = PBXGroup;
			children = (
				D36BD60484887B3614E9A344 /* Pods-Flicks.debug.xcconfig */,
				8A7246E8F364CDA1772A2408 /* Pods-Flicks.release.xcconfig */,
			);
			name = Pods;
			sourceTree = "<group>";
		};
		1A38FC401DAEE70A00DE508A = {
			isa = PBXGroup;
			children = (
				1A38FC4B1DAEE70B00DE508A /* Flicks */,
				1A38FC4A1DAEE70B00DE508A /* Products */,
				00BC307105EA9B69B82A6D3A /* Pods */,
				B5F58124BC09027C5E763922 /* Frameworks */,
			);
			sourceTree = "<group>";
		};
		1A38FC4A1DAEE70B00DE508A /* Products */ = {
			isa = PBXGroup;
			children = (
				1A38FC491DAEE70B00DE508A /* Flicks.app */,
			);
			name = Products;
			sourceTree = "<group>";
		};
		1A38FC4B1DAEE70B00DE508A /* Flicks */ = {
			isa = PBXGroup;
			children = (
				1AA881A31DAEFB250072BE0D /* View Controllers */,
				1AA881A01DAEFAF80072BE0D /* Views */,
				1A38FC4C1DAEE70B00DE508A /* AppDelegate.swift */,
				1A38FC501DAEE70B00DE508A /* Main.storyboard */,
				1A38FC531DAEE70B00DE508A /* Assets.xcassets */,
				1A38FC551DAEE70B00DE508A /* LaunchScreen.storyboard */,
				1A38FC581DAEE70B00DE508A /* Info.plist */,
			);
			path = Flicks;
			sourceTree = "<group>";
		};
		1AA881A01DAEFAF80072BE0D /* Views */ = {
			isa = PBXGroup;
			children = (
				1AA881A11DAEFB1C0072BE0D /* MovieCell.swift */,
			);
			name = Views;
			sourceTree = "<group>";
		};
		1AA881A31DAEFB250072BE0D /* View Controllers */ = {
			isa = PBXGroup;
			children = (
				1AA8819E1DAEE8E10072BE0D /* MoviesViewController.swift */,
				1AAE140C1DB15C240015AA33 /* DetailViewController.swift */,
			);
			name = "View Controllers";
			sourceTree = "<group>";
		};
		B5F58124BC09027C5E763922 /* Frameworks */ = {
			isa = PBXGroup;
			children = (
				52C5B450A1F3F5C6FA800D69 /* Pods_Flicks.framework */,
			);
			name = Frameworks;
			sourceTree = "<group>";
		};
/* End PBXGroup section */

/* Begin PBXNativeTarget section */
		1A38FC481DAEE70B00DE508A /* Flicks */ = {
			isa = PBXNativeTarget;
			buildConfigurationList = 1A38FC5B1DAEE70B00DE508A /* Build configuration list for PBXNativeTarget "Flicks" */;
			buildPhases = (
				2FB8E140BE3D159AC66D0AC8 /* [CP] Check Pods Manifest.lock */,
				1A38FC451DAEE70B00DE508A /* Sources */,
				1A38FC461DAEE70B00DE508A /* Frameworks */,
				1A38FC471DAEE70B00DE508A /* Resources */,
				84B8F8526335EA0495DE6A28 /* [CP] Embed Pods Frameworks */,
				C1FD502F098CE81F16C6081B /* [CP] Copy Pods Resources */,
			);
			buildRules = (
			);
			dependencies = (
			);
			name = Flicks;
			productName = Flicks;
			productReference = 1A38FC491DAEE70B00DE508A /* Flicks.app */;
			productType = "com.apple.product-type.application";
		};
/* End PBXNativeTarget section */

/* Begin PBXProject section */
		1A38FC411DAEE70B00DE508A /* Project object */ = {
			isa = PBXProject;
			attributes = {
				LastSwiftUpdateCheck = 0800;
				LastUpgradeCheck = 0800;
				ORGANIZATIONNAME = "Sara Hender";
				TargetAttributes = {
					1A38FC481DAEE70B00DE508A = {
						CreatedOnToolsVersion = 8.0;
						ProvisioningStyle = Automatic;
					};
				};
			};
			buildConfigurationList = 1A38FC441DAEE70B00DE508A /* Build configuration list for PBXProject "Flicks" */;
			compatibilityVersion = "Xcode 3.2";
			developmentRegion = English;
			hasScannedForEncodings = 0;
			knownRegions = (
				en,
				Base,
			);
			mainGroup = 1A38FC401DAEE70A00DE508A;
			productRefGroup = 1A38FC4A1DAEE70B00DE508A /* Products */;
			projectDirPath = "";
			projectRoot = "";
			targets = (
				1A38FC481DAEE70B00DE508A /* Flicks */,
			);
		};
/* End PBXProject section */

/* Begin PBXResourcesBuildPhase section */
		1A38FC471DAEE70B00DE508A /* Resources */ = {
			isa = PBXResourcesBuildPhase;
			buildActionMask = 2147483647;
			files = (
				1A38FC571DAEE70B00DE508A /* LaunchScreen.storyboard in Resources */,
				1A38FC541DAEE70B00DE508A /* Assets.xcassets in Resources */,
				1A38FC521DAEE70B00DE508A /* Main.storyboard in Resources */,
			);
			runOnlyForDeploymentPostprocessing = 0;
		};
/* End PBXResourcesBuildPhase section */

/* Begin PBXShellScriptBuildPhase section */
		2FB8E140BE3D159AC66D0AC8 /* [CP] Check Pods Manifest.lock */ = {
			isa = PBXShellScriptBuildPhase;
			buildActionMask = 2147483647;
			files = (
			);
			inputPaths = (
			);
			name = "[CP] Check Pods Manifest.lock";
			outputPaths = (
			);
			runOnlyForDeploymentPostprocessing = 0;
			shellPath = /bin/sh;
			shellScript = "diff \"${PODS_ROOT}/../Podfile.lock\" \"${PODS_ROOT}/Manifest.lock\" > /dev/null\nif [[ $? != 0 ]] ; then\n    cat << EOM\nerror: The sandbox is not in sync with the Podfile.lock. Run 'pod install' or update your CocoaPods installation.\nEOM\n    exit 1\nfi\n";
			showEnvVarsInLog = 0;
		};
		84B8F8526335EA0495DE6A28 /* [CP] Embed Pods Frameworks */ = {
			isa = PBXShellScriptBuildPhase;
			buildActionMask = 2147483647;
			files = (
			);
			inputPaths = (
			);
			name = "[CP] Embed Pods Frameworks";
			outputPaths = (
			);
			runOnlyForDeploymentPostprocessing = 0;
			shellPath = /bin/sh;
			shellScript = "\"${SRCROOT}/Pods/Target Support Files/Pods-Flicks/Pods-Flicks-frameworks.sh\"\n";
			showEnvVarsInLog = 0;
		};
		C1FD502F098CE81F16C6081B /* [CP] Copy Pods Resources */ = {
			isa = PBXShellScriptBuildPhase;
			buildActionMask = 2147483647;
			files = (
			);
			inputPaths = (
			);
			name = "[CP] Copy Pods Resources";
			outputPaths = (
			);
			runOnlyForDeploymentPostprocessing = 0;
			shellPath = /bin/sh;
			shellScript = "\"${SRCROOT}/Pods/Target Support Files/Pods-Flicks/Pods-Flicks-resources.sh\"\n";
			showEnvVarsInLog = 0;
		};
/* End PBXShellScriptBuildPhase section */

/* Begin PBXSourcesBuildPhase section */
		1A38FC451DAEE70B00DE508A /* Sources */ = {
			isa = PBXSourcesBuildPhase;
			buildActionMask = 2147483647;
			files = (
				1A38FC4D1DAEE70B00DE508A /* AppDelegate.swift in Sources */,
				1AA8819F1DAEE8E10072BE0D /* MoviesViewController.swift in Sources */,
				1AA881A21DAEFB1C0072BE0D /* MovieCell.swift in Sources */,
				1AAE140D1DB15C240015AA33 /* DetailViewController.swift in Sources */,
			);
			runOnlyForDeploymentPostprocessing = 0;
		};
/* End PBXSourcesBuildPhase section */

/* Begin PBXVariantGroup section */
		1A38FC501DAEE70B00DE508A /* Main.storyboard */ = {
			isa = PBXVariantGroup;
			children = (
				1A38FC511DAEE70B00DE508A /* Base */,
			);
			name = Main.storyboard;
			sourceTree = "<group>";
		};
		1A38FC551DAEE70B00DE508A /* LaunchScreen.storyboard */ = {
			isa = PBXVariantGroup;
			children = (
				1A38FC561DAEE70B00DE508A /* Base */,
			);
			name = LaunchScreen.storyboard;
			sourceTree = "<group>";
		};
/* End PBXVariantGroup section */

/* Begin XCBuildConfiguration section */
		1A38FC591DAEE70B00DE508A /* Debug */ = {
			isa = XCBuildConfiguration;
			buildSettings = {
				ALWAYS_SEARCH_USER_PATHS = NO;
				CLANG_ANALYZER_NONNULL = YES;
				CLANG_CXX_LANGUAGE_STANDARD = "gnu++0x";
				CLANG_CXX_LIBRARY = "libc++";
				CLANG_ENABLE_MODULES = YES;
				CLANG_ENABLE_OBJC_ARC = YES;
				CLANG_WARN_BOOL_CONVERSION = YES;
				CLANG_WARN_CONSTANT_CONVERSION = YES;
				CLANG_WARN_DIRECT_OBJC_ISA_USAGE = YES_ERROR;
				CLANG_WARN_DOCUMENTATION_COMMENTS = YES;
				CLANG_WARN_EMPTY_BODY = YES;
				CLANG_WARN_ENUM_CONVERSION = YES;
				CLANG_WARN_INFINITE_RECURSION = YES;
				CLANG_WARN_INT_CONVERSION = YES;
				CLANG_WARN_OBJC_ROOT_CLASS = YES_ERROR;
				CLANG_WARN_SUSPICIOUS_MOVE = YES;
				CLANG_WARN_SUSPICIOUS_MOVES = YES;
				CLANG_WARN_UNREACHABLE_CODE = YES;
				CLANG_WARN__DUPLICATE_METHOD_MATCH = YES;
				"CODE_SIGN_IDENTITY[sdk=iphoneos*]" = "iPhone Developer";
				COPY_PHASE_STRIP = NO;
				DEBUG_INFORMATION_FORMAT = dwarf;
				ENABLE_STRICT_OBJC_MSGSEND = YES;
				ENABLE_TESTABILITY = YES;
				GCC_C_LANGUAGE_STANDARD = gnu99;
				GCC_DYNAMIC_NO_PIC = NO;
				GCC_NO_COMMON_BLOCKS = YES;
				GCC_OPTIMIZATION_LEVEL = 0;
				GCC_PREPROCESSOR_DEFINITIONS = (
					"DEBUG=1",
					"$(inherited)",
				);
				GCC_WARN_64_TO_32_BIT_CONVERSION = YES;
				GCC_WARN_ABOUT_RETURN_TYPE = YES_ERROR;
				GCC_WARN_UNDECLARED_SELECTOR = YES;
				GCC_WARN_UNINITIALIZED_AUTOS = YES_AGGRESSIVE;
				GCC_WARN_UNUSED_FUNCTION = YES;
				GCC_WARN_UNUSED_VARIABLE = YES;
				IPHONEOS_DEPLOYMENT_TARGET = 10.0;
				MTL_ENABLE_DEBUG_INFO = YES;
				ONLY_ACTIVE_ARCH = YES;
				SDKROOT = iphoneos;
				SWIFT_ACTIVE_COMPILATION_CONDITIONS = DEBUG;
				SWIFT_OPTIMIZATION_LEVEL = "-Onone";
				TARGETED_DEVICE_FAMILY = "1,2";
			};
			name = Debug;
		};
		1A38FC5A1DAEE70B00DE508A /* Release */ = {
			isa = XCBuildConfiguration;
			buildSettings = {
				ALWAYS_SEARCH_USER_PATHS = NO;
				CLANG_ANALYZER_NONNULL = YES;
				CLANG_CXX_LANGUAGE_STANDARD = "gnu++0x";
				CLANG_CXX_LIBRARY = "libc++";
				CLANG_ENABLE_MODULES = YES;
				CLANG_ENABLE_OBJC_ARC = YES;
				CLANG_WARN_BOOL_CONVERSION = YES;
				CLANG_WARN_CONSTANT_CONVERSION = YES;
				CLANG_WARN_DIRECT_OBJC_ISA_USAGE = YES_ERROR;
				CLANG_WARN_DOCUMENTATION_COMMENTS = YES;
				CLANG_WARN_EMPTY_BODY = YES;
				CLANG_WARN_ENUM_CONVERSION = YES;
				CLANG_WARN_INFINITE_RECURSION = YES;
				CLANG_WARN_INT_CONVERSION = YES;
				CLANG_WARN_OBJC_ROOT_CLASS = YES_ERROR;
				CLANG_WARN_SUSPICIOUS_MOVE = YES;
				CLANG_WARN_SUSPICIOUS_MOVES = YES;
				CLANG_WARN_UNREACHABLE_CODE = YES;
				CLANG_WARN__DUPLICATE_METHOD_MATCH = YES;
				"CODE_SIGN_IDENTITY[sdk=iphoneos*]" = "iPhone Developer";
				COPY_PHASE_STRIP = NO;
				DEBUG_INFORMATION_FORMAT = "dwarf-with-dsym";
				ENABLE_NS_ASSERTIONS = NO;
				ENABLE_STRICT_OBJC_MSGSEND = YES;
				GCC_C_LANGUAGE_STANDARD = gnu99;
				GCC_NO_COMMON_BLOCKS = YES;
				GCC_WARN_64_TO_32_BIT_CONVERSION = YES;
				GCC_WARN_ABOUT_RETURN_TYPE = YES_ERROR;
				GCC_WARN_UNDECLARED_SELECTOR = YES;
				GCC_WARN_UNINITIALIZED_AUTOS = YES_AGGRESSIVE;
				GCC_WARN_UNUSED_FUNCTION = YES;
				GCC_WARN_UNUSED_VARIABLE = YES;
				IPHONEOS_DEPLOYMENT_TARGET = 10.0;
				MTL_ENABLE_DEBUG_INFO = NO;
				SDKROOT = iphoneos;
				SWIFT_OPTIMIZATION_LEVEL = "-Owholemodule";
				TARGETED_DEVICE_FAMILY = "1,2";
				VALIDATE_PRODUCT = YES;
			};
			name = Release;
		};
		1A38FC5C1DAEE70B00DE508A /* Debug */ = {
			isa = XCBuildConfiguration;
			baseConfigurationReference = D36BD60484887B3614E9A344 /* Pods-Flicks.debug.xcconfig */;
			buildSettings = {
				ASSETCATALOG_COMPILER_APPICON_NAME = AppIcon;
				INFOPLIST_FILE = Flicks/Info.plist;
				LD_RUNPATH_SEARCH_PATHS = "$(inherited) @executable_path/Frameworks";
				PRODUCT_BUNDLE_IDENTIFIER = xyz.Flicks;
				PRODUCT_NAME = "$(TARGET_NAME)";
				SWIFT_VERSION = 3.0;
			};
			name = Debug;
		};
		1A38FC5D1DAEE70B00DE508A /* Release */ = {
			isa = XCBuildConfiguration;
			baseConfigurationReference = 8A7246E8F364CDA1772A2408 /* Pods-Flicks.release.xcconfig */;
			buildSettings = {
				ASSETCATALOG_COMPILER_APPICON_NAME = AppIcon;
				INFOPLIST_FILE = Flicks/Info.plist;
				LD_RUNPATH_SEARCH_PATHS = "$(inherited) @executable_path/Frameworks";
				PRODUCT_BUNDLE_IDENTIFIER = xyz.Flicks;
				PRODUCT_NAME = "$(TARGET_NAME)";
				SWIFT_VERSION = 3.0;
			};
			name = Release;
		};
/* End XCBuildConfiguration section */

/* Begin XCConfigurationList section */
		1A38FC441DAEE70B00DE508A /* Build configuration list for PBXProject "Flicks" */ = {
			isa = XCConfigurationList;
			buildConfigurations = (
				1A38FC591DAEE70B00DE508A /* Debug */,
				1A38FC5A1DAEE70B00DE508A /* Release */,
			);
			defaultConfigurationIsVisible = 0;
			defaultConfigurationName = Release;
		};
		1A38FC5B1DAEE70B00DE508A /* Build configuration list for PBXNativeTarget "Flicks" */ = {
			isa = XCConfigurationList;
			buildConfigurations = (
				1A38FC5C1DAEE70B00DE508A /* Debug */,
				1A38FC5D1DAEE70B00DE508A /* Release */,
			);
			defaultConfigurationIsVisible = 0;
			defaultConfigurationName = Release;
		};
/* End XCConfigurationList section */
	};
	rootObject = 1A38FC411DAEE70B00DE508A /* Project object */;
}
